{
    "_readme": [
        "This file locks the dependencies of your project to a known state",
        "Read more about it at https://getcomposer.org/doc/01-basic-usage.md#composer-lock-the-lock-file",
        "This file is @generated automatically"
    ],
    "hash": "0fff3f36c55e595f0a80f606d7b99db2",
    "content-hash": "1aeca9705055fb113bb447d15ba9bae6",
    "packages": [
        {
            "name": "mouf/nodejs-installer",
            "version": "v1.0.10",
            "source": {
                "type": "git",
                "url": "https://github.com/thecodingmachine/nodejs-installer.git",
                "reference": "bc598de486bb450e684221a3abcbfd6017dfca35"
            },
            "dist": {
                "type": "zip",
                "url": "https://api.github.com/repos/thecodingmachine/nodejs-installer/zipball/bc598de486bb450e684221a3abcbfd6017dfca35",
                "reference": "bc598de486bb450e684221a3abcbfd6017dfca35",
                "shasum": ""
            },
            "require": {
                "composer-plugin-api": "^1.0.0",
                "ext-openssl": "*",
                "php": ">=5.3.0"
            },
            "require-dev": {
                "composer/composer": "*"
            },
            "type": "composer-plugin",
            "extra": {
                "class": [
                    "Mouf\\NodeJsInstaller\\NodeJsPlugin"
                ],
                "mouf": {
                    "logo": "node-js.png"
                }
            },
            "autoload": {
                "psr-4": {
                    "Mouf\\NodeJsInstaller\\": "src/"
                }
            },
            "notification-url": "https://packagist.org/downloads/",
            "license": [
                "MIT"
            ],
            "authors": [
                {
                    "name": "David Négrier",
                    "email": "d.negrier@thecodingmachine.com",
                    "homepage": "http://mouf-php.com"
                }
            ],
            "description": "An installer package that let's you install NodeJS and NPM as a Composer dependency.",
            "homepage": "http://mouf-php.com/packages/mouf/nodejs-installer",
            "keywords": [
                "installer",
                "nodejs",
                "npm"
            ],
            "time": "2016-01-05 14:00:57"
        },
        {
            "name": "pmvc-app/hello_app",
            "version": "0.5.0",
            "source": {
                "type": "git",
                "url": "https://github.com/pmvc-app/hello_app.git",
                "reference": "0cf12f9dd6f876ab7a52a790aeddc9cf1bd1a36a"
            },
            "dist": {
                "type": "zip",
                "url": "https://api.github.com/repos/pmvc-app/hello_app/zipball/0cf12f9dd6f876ab7a52a790aeddc9cf1bd1a36a",
                "reference": "0cf12f9dd6f876ab7a52a790aeddc9cf1bd1a36a",
                "shasum": ""
            },
            "require": {
                "pmvc/pmvc": "*"
            },
            "type": "library",
            "notification-url": "https://packagist.org/downloads/",
            "license": [
                "MIT"
            ],
            "authors": [
                {
                    "name": "Hill",
                    "email": "hill@kimo.com"
                }
            ],
            "description": "Hello World Plugin, show you how the pmvc work",
            "keywords": [
                "hello",
                "plug-in",
                "pmvc"
            ],
            "time": "2016-01-31 18:13:38"
        },
        {
            "name": "pmvc-plugin/app_action_router",
            "version": "0.7.7",
            "source": {
                "type": "git",
                "url": "https://github.com/pmvc-plugin/app_action_router.git",
                "reference": "37f73afc8f93c66fd994c6ec33d645b9ed6650f2"
            },
            "dist": {
                "type": "zip",
                "url": "https://api.github.com/repos/pmvc-plugin/app_action_router/zipball/37f73afc8f93c66fd994c6ec33d645b9ed6650f2",
                "reference": "37f73afc8f93c66fd994c6ec33d645b9ed6650f2",
                "shasum": ""
            },
            "require": {
                "pmvc-plugin/http": "*",
                "pmvc-plugin/url": "*",
                "pmvc/pmvc": "*"
            },
            "type": "library",
            "notification-url": "https://packagist.org/downloads/",
            "license": [
                "MIT"
            ],
            "authors": [
                {
                    "name": "Hill",
                    "email": "hill@kimo.com"
                }
            ],
            "description": "PMVC App Action Router",
            "keywords": [
                "plug-in",
                "pmvc",
                "router"
            ],
            "time": "2016-05-08 05:52:46"
        },
        {
            "name": "pmvc-plugin/asset",
            "version": "0.1",
            "source": {
                "type": "git",
                "url": "https://github.com/pmvc-plugin/asset.git",
                "reference": "31a98934a03ef69ad610786ef5563fb4afa4525f"
            },
            "dist": {
                "type": "zip",
                "url": "https://api.github.com/repos/pmvc-plugin/asset/zipball/31a98934a03ef69ad610786ef5563fb4afa4525f",
                "reference": "31a98934a03ef69ad610786ef5563fb4afa4525f",
                "shasum": ""
            },
            "require": {
                "pmvc/pmvc": "*"
            },
            "type": "library",
            "notification-url": "https://packagist.org/downloads/",
            "license": [
                "MIT"
            ],
            "authors": [
                {
                    "name": "Hill",
                    "email": "hill@kimo.com"
                }
            ],
            "description": "PMVC asset management",
            "homepage": "https://github.com/pmvc-plugin/asset",
            "keywords": [
                "asset",
                "plug-in",
                "pmvc"
            ],
            "time": "2015-07-04 17:48:51"
        },
        {
            "name": "pmvc-plugin/cli",
            "version": "0.7.13",
            "source": {
                "type": "git",
                "url": "https://github.com/pmvc-plugin/cli.git",
                "reference": "45cedf7995bc60071807e0a78bcc1784baa9ead4"
            },
            "dist": {
                "type": "zip",
                "url": "https://api.github.com/repos/pmvc-plugin/cli/zipball/45cedf7995bc60071807e0a78bcc1784baa9ead4",
                "reference": "45cedf7995bc60071807e0a78bcc1784baa9ead4",
                "shasum": ""
            },
            "require": {
                "pmvc-plugin/controller": "*",
                "wp-cli/php-cli-tools": "*"
            },
            "type": "library",
            "notification-url": "https://packagist.org/downloads/",
            "license": [
                "MIT"
            ],
            "authors": [
                {
                    "name": "Hill",
                    "email": "hill@kimo.com"
                }
            ],
            "description": "PMVC command line router",
            "keywords": [
                "cli",
                "plug-in",
                "pmvc"
            ],
            "time": "2016-07-22 14:16:42"
        },
        {
            "name": "pmvc-plugin/controller",
            "version": "0.1.37",
            "source": {
                "type": "git",
                "url": "https://github.com/pmvc-plugin/controller.git",
                "reference": "0422e97aeb02d5aec3c1491864ce92c2b5e69886"
            },
            "dist": {
                "type": "zip",
                "url": "https://api.github.com/repos/pmvc-plugin/controller/zipball/0422e97aeb02d5aec3c1491864ce92c2b5e69886",
                "reference": "0422e97aeb02d5aec3c1491864ce92c2b5e69886",
                "shasum": ""
            },
            "require": {
                "pmvc/pmvc": "*"
            },
            "require-dev": {
                "squizlabs/php_codesniffer": "@stable"
            },
            "type": "library",
            "notification-url": "https://packagist.org/downloads/",
            "license": [
                "MIT"
            ],
            "authors": [
                {
                    "name": "Hill",
                    "email": "hill@kimo.com"
                }
            ],
            "description": "PMVC Controller",
            "homepage": "https://github.com/pmvc/pmvc",
            "keywords": [
                "controller",
                "plug-in",
                "pmvc"
            ],
            "time": "2016-07-16 12:47:14"
        },
        {
            "name": "pmvc-plugin/debug",
            "version": "0.3.2",
            "source": {
                "type": "git",
                "url": "https://github.com/pmvc-plugin/debug.git",
                "reference": "d91b73282f004bac75fcfa777e8ac718bd7f2475"
            },
            "dist": {
                "type": "zip",
                "url": "https://api.github.com/repos/pmvc-plugin/debug/zipball/d91b73282f004bac75fcfa777e8ac718bd7f2475",
                "reference": "d91b73282f004bac75fcfa777e8ac718bd7f2475",
                "shasum": ""
            },
            "require": {
                "pmvc/pmvc": "*"
            },
            "type": "library",
            "notification-url": "https://packagist.org/downloads/",
            "license": [
                "MIT"
            ],
            "authors": [
                {
                    "name": "Hill",
                    "email": "hill@kimo.com"
                }
            ],
            "description": "pmvc debug dump tool",
            "homepage": "https://github.com/pmvc/pmvc",
            "keywords": [
                "debug",
                "plug-in",
                "pmvc"
            ],
            "time": "2016-07-23 14:12:13"
        },
        {
            "name": "pmvc-plugin/debug_cli",
            "version": "0.1.4",
            "source": {
                "type": "git",
                "url": "https://github.com/pmvc-plugin/debug_cli.git",
                "reference": "d7742008cb1cfad981c789d2416acd8d3fa1edfe"
            },
            "dist": {
                "type": "zip",
                "url": "https://api.github.com/repos/pmvc-plugin/debug_cli/zipball/d7742008cb1cfad981c789d2416acd8d3fa1edfe",
                "reference": "d7742008cb1cfad981c789d2416acd8d3fa1edfe",
                "shasum": ""
            },
            "require": {
                "pmvc-plugin/cli": "*",
                "pmvc-plugin/debug": "*",
                "pmvc/pmvc": "*"
            },
            "type": "library",
            "notification-url": "https://packagist.org/downloads/",
            "license": [
                "MIT"
            ],
            "authors": [
                {
                    "name": "Hill",
                    "email": "hill@kimo.com"
                }
            ],
            "description": "PMVC debug output for command line ",
            "keywords": [
                "cli",
                "debug",
                "plug-in",
                "pmvc"
            ],
            "time": "2016-07-22 14:14:08"
        },
        {
            "name": "pmvc-plugin/debug_console",
            "version": "0.1.3",
            "source": {
                "type": "git",
                "url": "https://github.com/pmvc-plugin/debug_console.git",
                "reference": "4812776f39224a5b5fbfea7276d1b6c7ffe562d5"
            },
            "dist": {
                "type": "zip",
                "url": "https://api.github.com/repos/pmvc-plugin/debug_console/zipball/4812776f39224a5b5fbfea7276d1b6c7ffe562d5",
                "reference": "4812776f39224a5b5fbfea7276d1b6c7ffe562d5",
                "shasum": ""
            },
            "require": {
                "pmvc-plugin/asset": "*",
                "pmvc-plugin/debug": "*"
            },
            "type": "library",
            "notification-url": "https://packagist.org/downloads/",
            "license": [
                "MIT"
            ],
            "authors": [
                {
                    "name": "Hill",
                    "email": "hill@kimo.com"
                }
            ],
            "description": "pmvc debug_console",
            "homepage": "https://github.com/pmvc-plugin/debug_console",
            "keywords": [
                "debug",
                "plug-in",
                "pmvc"
            ],
            "time": "2016-04-04 18:53:28"
        },
        {
            "name": "pmvc-plugin/default_forward",
            "version": "0.1.3",
            "source": {
                "type": "git",
                "url": "https://github.com/pmvc-plugin/default_forward.git",
                "reference": "ddc3f14c9a92a87f42c36beec0d1ad573e480207"
            },
            "dist": {
                "type": "zip",
                "url": "https://api.github.com/repos/pmvc-plugin/default_forward/zipball/ddc3f14c9a92a87f42c36beec0d1ad573e480207",
                "reference": "ddc3f14c9a92a87f42c36beec0d1ad573e480207",
                "shasum": ""
            },
            "require": {
                "pmvc-plugin/controller": "*",
                "pmvc-plugin/url": "*"
            },
            "type": "library",
            "notification-url": "https://packagist.org/downloads/",
            "license": [
                "MIT"
            ],
            "authors": [
                {
                    "name": "Hill",
                    "email": "hill@kimo.com"
                }
            ],
            "description": "PMVC default forward (error, debug etc)",
            "keywords": [
                "plug-in",
                "pmvc"
            ],
            "time": "2016-07-05 03:44:22"
        },
        {
            "name": "pmvc-plugin/dispatcher",
            "version": "0.1.16",
            "source": {
                "type": "git",
                "url": "https://github.com/pmvc-plugin/dispatcher.git",
                "reference": "1d921661b3a8977808e5422408f38d9b70184cb1"
            },
            "dist": {
                "type": "zip",
                "url": "https://api.github.com/repos/pmvc-plugin/dispatcher/zipball/1d921661b3a8977808e5422408f38d9b70184cb1",
                "reference": "1d921661b3a8977808e5422408f38d9b70184cb1",
                "shasum": ""
            },
            "require": {
                "pmvc/pmvc": "*"
            },
            "type": "library",
            "notification-url": "https://packagist.org/downloads/",
            "license": [
                "MIT"
            ],
            "authors": [
                {
                    "name": "Hill",
                    "email": "hill@kimo.com"
                }
            ],
            "description": "PMVC observer plugin, event dispatcher",
            "homepage": "https://github.com/pmvc/pmvc",
            "keywords": [
                "observable",
                "plug-in",
                "pmvc"
            ],
            "time": "2016-07-10 08:28:38"
        },
        {
            "name": "pmvc-plugin/dotenv",
            "version": "0.1.19",
            "source": {
                "type": "git",
                "url": "https://github.com/pmvc-plugin/dotenv.git",
                "reference": "ce51479a200d202393bb302c7a9306a9eb14f6c7"
            },
            "dist": {
                "type": "zip",
                "url": "https://api.github.com/repos/pmvc-plugin/dotenv/zipball/ce51479a200d202393bb302c7a9306a9eb14f6c7",
                "reference": "ce51479a200d202393bb302c7a9306a9eb14f6c7",
                "shasum": ""
            },
            "require": {
                "pmvc-plugin/underscore": "*",
                "pmvc/pmvc": "*"
            },
            "type": "library",
            "notification-url": "https://packagist.org/downloads/",
            "license": [
                "MIT"
            ],
            "authors": [
                {
                    "name": "Hill",
                    "email": "hill@kimo.com"
                }
            ],
            "description": "PMVC Plugin For phpdotenv",
            "homepage": "https://github.com/pmvc/pmvc",
            "keywords": [
                "dotenv",
                "plug-in",
                "pmvc"
            ],
            "time": "2016-07-18 13:17:55"
        },
        {
            "name": "pmvc-plugin/error",
            "version": "0.1.7",
            "source": {
                "type": "git",
                "url": "https://github.com/pmvc-plugin/error.git",
                "reference": "d91bd7e51c5e268ac9655875f937fc287ab5997e"
            },
            "dist": {
                "type": "zip",
                "url": "https://api.github.com/repos/pmvc-plugin/error/zipball/d91bd7e51c5e268ac9655875f937fc287ab5997e",
                "reference": "d91bd7e51c5e268ac9655875f937fc287ab5997e",
                "shasum": ""
            },
            "require": {
                "pmvc/pmvc": "*"
            },
            "suggest": {
                "pmvc-plugin/dispatcher": "Allows event dispatch"
            },
            "type": "library",
            "notification-url": "https://packagist.org/downloads/",
            "license": [
                "MIT"
            ],
            "authors": [
                {
                    "name": "Hill",
                    "email": "hill@kimo.com"
                }
            ],
            "description": "PMVC error hnadler",
            "keywords": [
                "error",
                "plug-in",
                "pmvc"
            ],
            "time": "2016-07-19 12:42:52"
        },
        {
            "name": "pmvc-plugin/get",
            "version": "0.1.3",
            "source": {
                "type": "git",
                "url": "https://github.com/pmvc-plugin/get.git",
                "reference": "2ea55ad1742bc7c095e0985a527a1267c23df76b"
            },
            "dist": {
                "type": "zip",
                "url": "https://api.github.com/repos/pmvc-plugin/get/zipball/2ea55ad1742bc7c095e0985a527a1267c23df76b",
                "reference": "2ea55ad1742bc7c095e0985a527a1267c23df76b",
                "shasum": ""
            },
            "require": {
                "pmvc/pmvc": "*"
            },
            "type": "library",
            "notification-url": "https://packagist.org/downloads/",
            "license": [
                "MIT"
            ],
            "authors": [
                {
                    "name": "Hill",
                    "email": "hill@kimo.com"
                }
            ],
            "description": "smart get function, help you get configure from different storage simply. ",
            "keywords": [
                "get",
                "plug-in",
                "pmvc"
            ],
            "time": "2016-06-17 04:22:02"
        },
        {
            "name": "pmvc-plugin/getenv",
            "version": "0.2",
            "source": {
                "type": "git",
                "url": "https://github.com/pmvc-plugin/getenv.git",
                "reference": "2b9546227ee682ecd47b0a01a2ac86492e45cfb8"
            },
            "dist": {
                "type": "zip",
                "url": "https://api.github.com/repos/pmvc-plugin/getenv/zipball/2b9546227ee682ecd47b0a01a2ac86492e45cfb8",
                "reference": "2b9546227ee682ecd47b0a01a2ac86492e45cfb8",
                "shasum": ""
            },
            "require": {
                "pmvc-plugin/get": "*"
            },
            "type": "library",
            "notification-url": "https://packagist.org/downloads/",
            "license": [
                "MIT"
            ],
            "authors": [
                {
                    "name": "Hill",
                    "email": "hill@kimo.com"
                }
            ],
            "description": "getenv for PMVC get plugin",
            "keywords": [
                "get",
                "plug-in",
                "pmvc"
            ],
            "time": "2016-06-17 04:18:25"
        },
        {
            "name": "pmvc-plugin/http",
            "version": "0.7.6",
            "source": {
                "type": "git",
                "url": "https://github.com/pmvc-plugin/http.git",
                "reference": "0eead609ee26328803c756fadf93f2dc02287fc5"
            },
            "dist": {
                "type": "zip",
                "url": "https://api.github.com/repos/pmvc-plugin/http/zipball/0eead609ee26328803c756fadf93f2dc02287fc5",
                "reference": "0eead609ee26328803c756fadf93f2dc02287fc5",
                "shasum": ""
            },
            "require": {
                "pmvc-plugin/controller": "*",
                "pmvc-plugin/url": "*"
            },
            "type": "library",
            "notification-url": "https://packagist.org/downloads/",
            "license": [
                "MIT"
            ],
            "authors": [
                {
                    "name": "Hill",
                    "email": "hill@kimo.com"
                }
            ],
            "description": "PMVC Http Support",
            "keywords": [
                "http",
                "plug-in",
                "pmvc"
            ],
            "time": "2016-07-21 10:12:57"
        },
        {
            "name": "pmvc-plugin/underscore",
            "version": "0.1.7",
            "source": {
                "type": "git",
                "url": "https://github.com/pmvc-plugin/underscore.git",
                "reference": "96deba3e83c7ecc59bd170e7fddfb2ff00e19d1a"
            },
            "dist": {
                "type": "zip",
                "url": "https://api.github.com/repos/pmvc-plugin/underscore/zipball/96deba3e83c7ecc59bd170e7fddfb2ff00e19d1a",
                "reference": "96deba3e83c7ecc59bd170e7fddfb2ff00e19d1a",
                "shasum": ""
            },
            "require": {
                "pmvc/pmvc": "*"
            },
            "type": "library",
            "notification-url": "https://packagist.org/downloads/",
            "license": [
                "MIT"
            ],
            "authors": [
                {
                    "name": "Hill",
                    "email": "hill@kimo.com"
                }
            ],
            "description": "Convert array or camel case to underscore, or underscore to others.",
            "keywords": [
                "array",
                "camelcase",
                "plug-in",
                "pmvc",
                "underscore"
            ],
            "time": "2016-06-17 10:54:47"
        },
        {
            "name": "pmvc-plugin/url",
            "version": "0.1.17",
            "source": {
                "type": "git",
                "url": "https://github.com/pmvc-plugin/url.git",
                "reference": "3d7b3bc3c83df096c59c66e4419957f5dacdf6f2"
            },
            "dist": {
                "type": "zip",
                "url": "https://api.github.com/repos/pmvc-plugin/url/zipball/3d7b3bc3c83df096c59c66e4419957f5dacdf6f2",
                "reference": "3d7b3bc3c83df096c59c66e4419957f5dacdf6f2",
                "shasum": ""
            },
            "require": {
                "pmvc-plugin/getenv": "*",
                "pmvc-plugin/underscore": "*",
                "pmvc/pmvc": "*"
            },
            "type": "library",
            "notification-url": "https://packagist.org/downloads/",
            "license": [
                "MIT"
            ],
            "authors": [
                {
                    "name": "Hill",
                    "email": "hill@kimo.com"
                }
            ],
            "description": "PMVC url utility",
            "homepage": "https://github.com/pmvc-plugin/url",
            "keywords": [
                "plug-in",
                "pmvc",
                "url"
            ],
            "time": "2016-07-06 03:48:00"
        },
        {
            "name": "pmvc-plugin/view",
            "version": "0.2.15",
            "source": {
                "type": "git",
                "url": "https://github.com/pmvc-plugin/view.git",
                "reference": "81e6dafff8470cc8bdf229871df8fe1a610dba60"
            },
            "dist": {
                "type": "zip",
                "url": "https://api.github.com/repos/pmvc-plugin/view/zipball/81e6dafff8470cc8bdf229871df8fe1a610dba60",
                "reference": "81e6dafff8470cc8bdf229871df8fe1a610dba60",
                "shasum": ""
            },
            "require": {
                "pmvc/pmvc": "*"
            },
            "type": "library",
            "autoload": {
                "psr-4": {
                    "PMVC\\PlugIn\\view\\": "./src"
                }
            },
            "notification-url": "https://packagist.org/downloads/",
            "license": [
                "MIT"
            ],
            "authors": [
                {
                    "name": "Hill",
                    "email": "hill@kimo.com"
                }
            ],
            "description": "PMVC official view engine",
            "homepage": "https://github.com/pmvc-plugin/view",
            "keywords": [
                "plug-in",
                "pmvc",
                "view"
            ],
            "time": "2016-06-05 07:47:25"
        },
        {
            "name": "pmvc-plugin/view_cli",
            "version": "0.1.6",
            "source": {
                "type": "git",
                "url": "https://github.com/pmvc-plugin/view_cli.git",
                "reference": "936009be2ff6a135714e39319bdc1000ae5467da"
            },
            "dist": {
                "type": "zip",
                "url": "https://api.github.com/repos/pmvc-plugin/view_cli/zipball/936009be2ff6a135714e39319bdc1000ae5467da",
                "reference": "936009be2ff6a135714e39319bdc1000ae5467da",
                "shasum": ""
            },
            "require": {
                "pmvc-plugin/cli": "*",
                "pmvc-plugin/view": "*",
                "pmvc/pmvc": "*"
            },
            "type": "library",
            "notification-url": "https://packagist.org/downloads/",
            "license": [
                "MIT"
            ],
            "authors": [
                {
                    "name": "Hill",
                    "email": "hill@kimo.com"
                }
            ],
            "description": "Command line View engine",
            "keywords": [
                "cli",
                "plug-in",
                "pmvc"
            ],
            "time": "2016-06-05 07:50:29"
        },
        {
            "name": "pmvc-plugin/view_react",
            "version": "0.2.13",
            "source": {
                "type": "git",
                "url": "https://github.com/pmvc-plugin/view_react.git",
                "reference": "f089e81f54e86e9a15e7d00e425043c82303b26f"
            },
            "dist": {
                "type": "zip",
                "url": "https://api.github.com/repos/pmvc-plugin/view_react/zipball/f089e81f54e86e9a15e7d00e425043c82303b26f",
                "reference": "f089e81f54e86e9a15e7d00e425043c82303b26f",
                "shasum": ""
            },
            "require": {
                "pmvc-plugin/get": "*",
                "pmvc-plugin/view": "*"
            },
            "type": "library",
            "notification-url": "https://packagist.org/downloads/",
            "license": [
                "MIT"
            ],
            "authors": [
                {
                    "name": "Hill",
                    "email": "hill@kimo.com"
                }
            ],
            "description": "PMVC view engine for react.js",
            "homepage": "https://github.com/pmvc-plugin/view_react",
            "keywords": [
                "plug-in",
                "pmvc",
                "react",
                "template",
                "view"
            ],
            "time": "2016-06-03 19:14:06"
        },
        {
            "name": "pmvc-theme/hello_react",
            "version": "0.1.3",
            "source": {
                "type": "git",
                "url": "https://github.com/pmvc-theme/hello_react.git",
                "reference": "72bfc5e35d5cd355ee112749b416997a92936f9b"
            },
            "dist": {
                "type": "zip",
                "url": "https://api.github.com/repos/pmvc-theme/hello_react/zipball/72bfc5e35d5cd355ee112749b416997a92936f9b",
                "reference": "72bfc5e35d5cd355ee112749b416997a92936f9b",
                "shasum": ""
            },
            "require": {
                "pmvc-plugin/view_react": "*"
            },
            "type": "library",
            "notification-url": "https://packagist.org/downloads/",
            "license": [
                "MIT"
            ],
            "authors": [
                {
                    "name": "Hill",
                    "email": "hill@kimo.com"
                }
            ],
            "description": "Hello World Theme for PMVC Facebook react.js",
            "keywords": [
                "hello",
                "pmvc",
                "react",
                "theme"
            ],
            "time": "2016-06-02 08:47:11"
        },
        {
            "name": "pmvc/pmvc",
            "version": "0.7.75",
            "source": {
                "type": "git",
                "url": "https://github.com/pmvc/pmvc.git",
                "reference": "6f00ee7ca3c3f87210297e43433112ce2da6563e"
            },
            "dist": {
                "type": "zip",
                "url": "https://api.github.com/repos/pmvc/pmvc/zipball/6f00ee7ca3c3f87210297e43433112ce2da6563e",
                "reference": "6f00ee7ca3c3f87210297e43433112ce2da6563e",
                "shasum": ""
            },
            "require": {
                "php": ">=5.5.0"
            },
            "require-dev": {
                "squizlabs/php_codesniffer": "@stable"
            },
            "type": "library",
            "autoload": {
                "psr-4": {
                    "PMVC\\": "src"
                }
            },
            "notification-url": "https://packagist.org/downloads/",
            "license": [
                "MIT"
            ],
            "authors": [
                {
                    "name": "Hill",
                    "email": "hill@kimo.com"
                }
            ],
            "description": "Pure plugin framework (PMVC7), use anything you like. No mvc, http inside.",
            "keywords": [
                "framework",
                "mvc",
                "phramework",
                "plug",
                "plug-in",
                "pmvc"
            ],
            "time": "2016-07-18 12:58:23"
        },
        {
            "name": "wp-cli/php-cli-tools",
            "version": "v0.11.1",
            "source": {
                "type": "git",
                "url": "https://github.com/wp-cli/php-cli-tools.git",
                "reference": "5311a4b99103c0505db015a334be4952654d6e21"
            },
            "dist": {
                "type": "zip",
                "url": "https://api.github.com/repos/wp-cli/php-cli-tools/zipball/5311a4b99103c0505db015a334be4952654d6e21",
                "reference": "5311a4b99103c0505db015a334be4952654d6e21",
                "shasum": ""
            },
            "require": {
                "php": ">= 5.3.0"
            },
            "type": "library",
            "autoload": {
                "psr-0": {
                    "cli": "lib/"
                },
                "files": [
                    "lib/cli/cli.php"
                ]
            },
            "notification-url": "https://packagist.org/downloads/",
            "license": [
                "MIT"
            ],
            "authors": [
                {
                    "name": "James Logsdon",
                    "email": "jlogsdon@php.net",
                    "role": "Developer"
                },
                {
                    "name": "Daniel Bachhuber",
                    "email": "daniel@handbuilt.co",
                    "role": "Maintainer"
                }
            ],
            "description": "Console utilities for PHP",
            "homepage": "http://github.com/wp-cli/php-cli-tools",
            "keywords": [
                "cli",
                "console"
            ],
            "time": "2016-02-08 14:34:01"
        }
    ],
    "packages-dev": [],
    "aliases": [],
    "minimum-stability": "stable",
    "stability-flags": [],
    "prefer-stable": false,
    "prefer-lowest": false,
    "platform": [],
    "platform-dev": []
}
