{
    "_readme": [
        "This file locks the dependencies of your project to a known state",
        "Read more about it at https://getcomposer.org/doc/01-basic-usage.md#composer-lock-the-lock-file",
        "This file is @generated automatically"
    ],
    "hash": "16fce6689c6cb1c35e26a430f3be8196",
    "content-hash": "d4874d783edfb03e1c895193571d608e",
    "packages": [
        {
            "name": "josegonzalez/dotenv",
            "version": "2.0.0",
            "source": {
                "type": "git",
                "url": "https://github.com/josegonzalez/php-dotenv.git",
                "reference": "eb9eb3beea37411d2f7b4960eed94fc72a592488"
            },
            "dist": {
                "type": "zip",
                "url": "https://api.github.com/repos/josegonzalez/php-dotenv/zipball/eb9eb3beea37411d2f7b4960eed94fc72a592488",
                "reference": "eb9eb3beea37411d2f7b4960eed94fc72a592488",
                "shasum": ""
            },
            "require": {
                "m1/env": "2.*",
                "php": ">=5.3.0"
            },
            "require-dev": {
                "satooshi/php-coveralls": "1.*",
                "squizlabs/php_codesniffer": "2.*"
            },
            "type": "library",
            "autoload": {
                "psr-0": {
                    "josegonzalez\\Dotenv": [
                        "src",
                        "tests"
                    ]
                }
            },
            "notification-url": "https://packagist.org/downloads/",
            "license": [
                "MIT"
            ],
            "authors": [
                {
                    "name": "Jose Diaz-Gonzalez",
                    "email": "dotenv@josegonzalez.com",
                    "homepage": "http://josediazgonzalez.com",
                    "role": "Maintainer"
                }
            ],
            "description": "dotenv file parsing for PHP",
            "homepage": "https://github.com/josegonzalez/php-dotenv",
            "keywords": [
                "configuration",
                "dotenv",
                "php"
            ],
            "time": "2016-01-07 16:07:20"
        },
        {
            "name": "m1/env",
            "version": "2.0.0",
            "source": {
                "type": "git",
                "url": "https://github.com/m1/Env.git",
                "reference": "6013b1475c21d4c7076e1aaad9df5b2fae060cbb"
            },
            "dist": {
                "type": "zip",
                "url": "https://api.github.com/repos/m1/Env/zipball/6013b1475c21d4c7076e1aaad9df5b2fae060cbb",
                "reference": "6013b1475c21d4c7076e1aaad9df5b2fae060cbb",
                "shasum": ""
            },
            "require": {
                "php": ">=5.3.0"
            },
            "require-dev": {
                "phpunit/phpunit": "4.*",
                "scrutinizer/ocular": "~1.1",
                "squizlabs/php_codesniffer": "^2.3"
            },
            "suggest": {
                "josegonzalez/dotenv": "For loading of .env",
                "m1/vars": "For loading of configs"
            },
            "type": "library",
            "autoload": {
                "psr-4": {
                    "M1\\Env\\": "src"
                }
            },
            "notification-url": "https://packagist.org/downloads/",
            "license": [
                "MIT"
            ],
            "authors": [
                {
                    "name": "Miles Croxford",
                    "email": "hello@milescroxford.com",
                    "homepage": "http://milescroxford.com",
                    "role": "Developer"
                }
            ],
            "description": "Env is a lightweight library bringing .env file parser compatibility to PHP. In short - it enables you to read .env files with PHP.",
            "homepage": "https://github.com/m1/Env",
            "keywords": [
                ".env",
                "config",
                "dotenv",
                "env",
                "loader",
                "m1",
                "parser",
                "support"
            ],
            "time": "2016-01-07 13:21:36"
        },
        {
            "name": "mouf/nodejs-installer",
            "version": "v1.0.10",
            "source": {
                "type": "git",
                "url": "https://github.com/thecodingmachine/nodejs-installer.git",
                "reference": "bc598de486bb450e684221a3abcbfd6017dfca35"
            },
            "dist": {
                "type": "zip",
                "url": "https://api.github.com/repos/thecodingmachine/nodejs-installer/zipball/bc598de486bb450e684221a3abcbfd6017dfca35",
                "reference": "bc598de486bb450e684221a3abcbfd6017dfca35",
                "shasum": ""
            },
            "require": {
                "composer-plugin-api": "^1.0.0",
                "ext-openssl": "*",
                "php": ">=5.3.0"
            },
            "require-dev": {
                "composer/composer": "*"
            },
            "type": "composer-plugin",
            "extra": {
                "class": [
                    "Mouf\\NodeJsInstaller\\NodeJsPlugin"
                ],
                "mouf": {
                    "logo": "node-js.png"
                }
            },
            "autoload": {
                "psr-4": {
                    "Mouf\\NodeJsInstaller\\": "src/"
                }
            },
            "notification-url": "https://packagist.org/downloads/",
            "license": [
                "MIT"
            ],
            "authors": [
                {
                    "name": "David Négrier",
                    "email": "d.negrier@thecodingmachine.com",
                    "homepage": "http://mouf-php.com"
                }
            ],
            "description": "An installer package that let's you install NodeJS and NPM as a Composer dependency.",
            "homepage": "http://mouf-php.com/packages/mouf/nodejs-installer",
            "keywords": [
                "installer",
                "nodejs",
                "npm"
            ],
            "time": "2016-01-05 14:00:57"
        },
        {
            "name": "pmvc-app/hello_app",
            "version": "0.5.0",
            "source": {
                "type": "git",
                "url": "https://github.com/pmvc-app/hello_app.git",
                "reference": "0cf12f9dd6f876ab7a52a790aeddc9cf1bd1a36a"
            },
            "dist": {
                "type": "zip",
                "url": "https://api.github.com/repos/pmvc-app/hello_app/zipball/0cf12f9dd6f876ab7a52a790aeddc9cf1bd1a36a",
                "reference": "0cf12f9dd6f876ab7a52a790aeddc9cf1bd1a36a",
                "shasum": ""
            },
            "require": {
                "pmvc/pmvc": "*"
            },
            "type": "library",
            "notification-url": "https://packagist.org/downloads/",
            "license": [
                "MIT"
            ],
            "authors": [
                {
                    "name": "Hill",
                    "email": "hill@kimo.com"
                }
            ],
            "description": "Hello World Plugin, show you how the pmvc work",
            "keywords": [
                "hello",
                "plug-in",
                "pmvc"
            ],
            "time": "2016-01-31 18:13:38"
        },
        {
            "name": "pmvc-plugin/app_action_router",
            "version": "0.7.6",
            "source": {
                "type": "git",
                "url": "https://github.com/pmvc-plugin/app_action_router.git",
                "reference": "307ac5bee4513e359e5e1381c584ac8db5360944"
            },
            "dist": {
                "type": "zip",
                "url": "https://api.github.com/repos/pmvc-plugin/app_action_router/zipball/307ac5bee4513e359e5e1381c584ac8db5360944",
                "reference": "307ac5bee4513e359e5e1381c584ac8db5360944",
                "shasum": ""
            },
            "require": {
                "pmvc-plugin/http": "*",
                "pmvc-plugin/url": "*",
                "pmvc/pmvc": "*"
            },
            "type": "library",
            "notification-url": "https://packagist.org/downloads/",
            "license": [
                "MIT"
            ],
            "authors": [
                {
                    "name": "Hill",
                    "email": "hill@kimo.com"
                }
            ],
            "description": "PMVC App Action Router",
            "keywords": [
                "plug-in",
                "pmvc",
                "router"
            ],
            "time": "2016-04-17 08:59:01"
        },
        {
            "name": "pmvc-plugin/asset",
            "version": "0.1",
            "source": {
                "type": "git",
                "url": "https://github.com/pmvc-plugin/asset.git",
                "reference": "31a98934a03ef69ad610786ef5563fb4afa4525f"
            },
            "dist": {
                "type": "zip",
                "url": "https://api.github.com/repos/pmvc-plugin/asset/zipball/31a98934a03ef69ad610786ef5563fb4afa4525f",
                "reference": "31a98934a03ef69ad610786ef5563fb4afa4525f",
                "shasum": ""
            },
            "require": {
                "pmvc/pmvc": "*"
            },
            "type": "library",
            "notification-url": "https://packagist.org/downloads/",
            "license": [
                "MIT"
            ],
            "authors": [
                {
                    "name": "Hill",
                    "email": "hill@kimo.com"
                }
            ],
            "description": "PMVC asset management",
            "homepage": "https://github.com/pmvc-plugin/asset",
            "keywords": [
                "asset",
                "plug-in",
                "pmvc"
            ],
            "time": "2015-07-04 17:48:51"
        },
        {
            "name": "pmvc-plugin/controller",
            "version": "0.1.5",
            "source": {
                "type": "git",
                "url": "https://github.com/pmvc-plugin/controller.git",
                "reference": "ed95b3ca5c78679fdf0ff5959493e954d37a49c4"
            },
            "dist": {
                "type": "zip",
                "url": "https://api.github.com/repos/pmvc-plugin/controller/zipball/ed95b3ca5c78679fdf0ff5959493e954d37a49c4",
                "reference": "ed95b3ca5c78679fdf0ff5959493e954d37a49c4",
                "shasum": ""
            },
            "require": {
                "pmvc/pmvc": "*"
            },
            "require-dev": {
                "squizlabs/php_codesniffer": "@stable"
            },
            "type": "library",
            "notification-url": "https://packagist.org/downloads/",
            "license": [
                "MIT"
            ],
            "authors": [
                {
                    "name": "Hill",
                    "email": "hill@kimo.com"
                }
            ],
            "description": "PMVC Controller",
            "homepage": "https://github.com/pmvc/pmvc",
            "keywords": [
                "controller",
                "plug-in",
                "pmvc"
            ],
            "time": "2016-04-21 07:38:45"
        },
        {
            "name": "pmvc-plugin/debug",
            "version": "0.2.13",
            "source": {
                "type": "git",
                "url": "https://github.com/pmvc-plugin/debug.git",
                "reference": "d6bb3f629fe4fca462c00fd443596b4923422622"
            },
            "dist": {
                "type": "zip",
                "url": "https://api.github.com/repos/pmvc-plugin/debug/zipball/d6bb3f629fe4fca462c00fd443596b4923422622",
                "reference": "d6bb3f629fe4fca462c00fd443596b4923422622",
                "shasum": ""
            },
            "require": {
                "pmvc/pmvc": "*"
            },
            "type": "library",
            "notification-url": "https://packagist.org/downloads/",
            "license": [
                "MIT"
            ],
            "authors": [
                {
                    "name": "Hill",
                    "email": "hill@kimo.com"
                }
            ],
            "description": "pmvc debug dump tool",
            "homepage": "https://github.com/pmvc-plugin/debug",
            "keywords": [
                "debug",
                "plug-in",
                "pmvc"
            ],
            "time": "2016-04-18 06:52:02"
        },
        {
            "name": "pmvc-plugin/debug_console",
            "version": "0.1.3",
            "source": {
                "type": "git",
                "url": "https://github.com/pmvc-plugin/debug_console.git",
                "reference": "4812776f39224a5b5fbfea7276d1b6c7ffe562d5"
            },
            "dist": {
                "type": "zip",
                "url": "https://api.github.com/repos/pmvc-plugin/debug_console/zipball/4812776f39224a5b5fbfea7276d1b6c7ffe562d5",
                "reference": "4812776f39224a5b5fbfea7276d1b6c7ffe562d5",
                "shasum": ""
            },
            "require": {
                "pmvc-plugin/asset": "*",
                "pmvc-plugin/debug": "*"
            },
            "type": "library",
            "notification-url": "https://packagist.org/downloads/",
            "license": [
                "MIT"
            ],
            "authors": [
                {
                    "name": "Hill",
                    "email": "hill@kimo.com"
                }
            ],
            "description": "pmvc debug_console",
            "homepage": "https://github.com/pmvc-plugin/debug_console",
            "keywords": [
                "debug",
                "plug-in",
                "pmvc"
            ],
            "time": "2016-04-04 18:53:28"
        },
        {
            "name": "pmvc-plugin/dispatcher",
            "version": "0.1.7",
            "source": {
                "type": "git",
                "url": "https://github.com/pmvc-plugin/dispatcher.git",
                "reference": "fc7f8ddf5ccfdf21855d7439d46d4d9071ae0886"
            },
            "dist": {
                "type": "zip",
                "url": "https://api.github.com/repos/pmvc-plugin/dispatcher/zipball/fc7f8ddf5ccfdf21855d7439d46d4d9071ae0886",
                "reference": "fc7f8ddf5ccfdf21855d7439d46d4d9071ae0886",
                "shasum": ""
            },
            "require": {
                "pmvc/pmvc": "*"
            },
            "type": "library",
            "notification-url": "https://packagist.org/downloads/",
            "license": [
                "MIT"
            ],
            "authors": [
                {
                    "name": "Hill",
                    "email": "hill@kimo.com"
                }
            ],
            "description": "PMVC observer plugin, event dispatcher",
            "homepage": "https://github.com/pmvc-plugin/dispatcher",
            "keywords": [
                "observable",
                "plug-in",
                "pmvc"
            ],
            "time": "2016-03-05 19:16:58"
        },
        {
            "name": "pmvc-plugin/dotenv",
            "version": "0.1.8",
            "source": {
                "type": "git",
                "url": "https://github.com/pmvc-plugin/dotenv.git",
                "reference": "37de47859fcf936e514b941f95704e3ce0cad517"
            },
            "dist": {
                "type": "zip",
                "url": "https://api.github.com/repos/pmvc-plugin/dotenv/zipball/37de47859fcf936e514b941f95704e3ce0cad517",
                "reference": "37de47859fcf936e514b941f95704e3ce0cad517",
                "shasum": ""
            },
            "require": {
                "josegonzalez/dotenv": "*",
                "pmvc-plugin/underscore": "*",
                "pmvc/pmvc": "*"
            },
            "type": "library",
            "notification-url": "https://packagist.org/downloads/",
            "license": [
                "MIT"
            ],
            "authors": [
                {
                    "name": "Hill",
                    "email": "hill@kimo.com"
                }
            ],
            "description": "PMVC Plugin For phpdotenv",
            "homepage": "https://github.com/pmvc-plugin/dotenv",
            "keywords": [
                "dotenv",
                "plug-in",
                "pmvc"
            ],
            "time": "2016-03-24 12:39:01"
        },
        {
            "name": "pmvc-plugin/error",
            "version": "0.1.5",
            "source": {
                "type": "git",
                "url": "https://github.com/pmvc-plugin/error.git",
                "reference": "79bb8aa99863acae3f2283be66350e5a67ac9ddd"
            },
            "dist": {
                "type": "zip",
                "url": "https://api.github.com/repos/pmvc-plugin/error/zipball/79bb8aa99863acae3f2283be66350e5a67ac9ddd",
                "reference": "79bb8aa99863acae3f2283be66350e5a67ac9ddd",
                "shasum": ""
            },
            "require": {
                "pmvc/pmvc": "*"
            },
            "suggest": {
                "pmvc-plugin/dispatcher": "Allows event dispatch"
            },
            "type": "library",
            "notification-url": "https://packagist.org/downloads/",
            "license": [
                "MIT"
            ],
            "authors": [
                {
                    "name": "Hill",
                    "email": "hill@kimo.com"
                }
            ],
            "description": "PMVC error hnadler",
            "keywords": [
                "error",
                "plug-in",
                "pmvc"
            ],
            "time": "2016-03-22 03:59:02"
        },
        {
            "name": "pmvc-plugin/get",
            "version": "0.1.2",
            "source": {
                "type": "git",
                "url": "https://github.com/pmvc-plugin/get.git",
                "reference": "fbde0b6ee8cf3169a6288f1295e65770f8b424ba"
            },
            "dist": {
                "type": "zip",
                "url": "https://api.github.com/repos/pmvc-plugin/get/zipball/fbde0b6ee8cf3169a6288f1295e65770f8b424ba",
                "reference": "fbde0b6ee8cf3169a6288f1295e65770f8b424ba",
                "shasum": ""
            },
            "require": {
                "pmvc/pmvc": "*"
            },
            "type": "library",
            "notification-url": "https://packagist.org/downloads/",
            "license": [
                "MIT"
            ],
            "authors": [
                {
                    "name": "Hill",
                    "email": "hill@kimo.com"
                }
            ],
            "description": "smart get function, help you get configure from different storage simply. ",
            "keywords": [
                "get",
                "plug-in",
                "pmvc"
            ],
            "time": "2015-07-29 16:37:56"
        },
        {
            "name": "pmvc-plugin/http",
            "version": "0.7.5",
            "source": {
                "type": "git",
                "url": "https://github.com/pmvc-plugin/http.git",
                "reference": "2a5deba5e8bac7d42997451109bac36974b8e821"
            },
            "dist": {
                "type": "zip",
                "url": "https://api.github.com/repos/pmvc-plugin/http/zipball/2a5deba5e8bac7d42997451109bac36974b8e821",
                "reference": "2a5deba5e8bac7d42997451109bac36974b8e821",
                "shasum": ""
            },
            "require": {
                "pmvc-plugin/controller": "*"
            },
            "type": "library",
            "notification-url": "https://packagist.org/downloads/",
            "license": [
                "MIT"
            ],
            "authors": [
                {
                    "name": "Hill",
                    "email": "hill@kimo.com"
                }
            ],
            "description": "PMVC Http Support",
            "keywords": [
                "http",
                "plug-in",
                "pmvc"
            ],
            "time": "2016-04-16 15:10:58"
        },
        {
            "name": "pmvc-plugin/underscore",
            "version": "0.1.0",
            "source": {
                "type": "git",
                "url": "https://github.com/pmvc-plugin/underscore.git",
                "reference": "ad480f16bfbad7bc34a4c335a159543bd7fdacbf"
            },
            "dist": {
                "type": "zip",
                "url": "https://api.github.com/repos/pmvc-plugin/underscore/zipball/ad480f16bfbad7bc34a4c335a159543bd7fdacbf",
                "reference": "ad480f16bfbad7bc34a4c335a159543bd7fdacbf",
                "shasum": ""
            },
            "require": {
                "pmvc/pmvc": "*"
            },
            "type": "library",
            "notification-url": "https://packagist.org/downloads/",
            "license": [
                "MIT"
            ],
            "authors": [
                {
                    "name": "Hill",
                    "email": "hill@kimo.com"
                }
            ],
            "description": "Convert array or camel case to underscore, or underscore to others.",
            "keywords": [
                "array",
                "camelcase",
                "plug-in",
                "pmvc",
                "underscore"
            ],
            "time": "2016-03-23 04:52:22"
        },
        {
            "name": "pmvc-plugin/url",
            "version": "0.1.7",
            "source": {
                "type": "git",
                "url": "https://github.com/pmvc-plugin/url.git",
                "reference": "c5ecdbae0332397a987ddc0aadc899f83433c32b"
            },
            "dist": {
                "type": "zip",
                "url": "https://api.github.com/repos/pmvc-plugin/url/zipball/c5ecdbae0332397a987ddc0aadc899f83433c32b",
                "reference": "c5ecdbae0332397a987ddc0aadc899f83433c32b",
                "shasum": ""
            },
            "require": {
                "pmvc/pmvc": "*"
            },
            "type": "library",
            "notification-url": "https://packagist.org/downloads/",
            "license": [
                "MIT"
            ],
            "authors": [
                {
                    "name": "Hill",
                    "email": "hill@kimo.com"
                }
            ],
            "description": "PMVC url utility",
            "homepage": "https://github.com/pmvc-plugin/url",
            "keywords": [
                "plug-in",
                "pmvc",
                "url"
            ],
            "time": "2016-03-21 10:11:35"
        },
        {
            "name": "pmvc-plugin/view",
            "version": "0.2.8",
            "source": {
                "type": "git",
                "url": "https://github.com/pmvc-plugin/view.git",
                "reference": "32745737ca1938e80d5b19eed0f1dd1d8c78ae3b"
            },
            "dist": {
                "type": "zip",
                "url": "https://api.github.com/repos/pmvc-plugin/view/zipball/32745737ca1938e80d5b19eed0f1dd1d8c78ae3b",
                "reference": "32745737ca1938e80d5b19eed0f1dd1d8c78ae3b",
                "shasum": ""
            },
            "require": {
                "pmvc/pmvc": "*"
            },
            "type": "library",
            "autoload": {
                "psr-4": {
                    "PMVC\\PlugIn\\view\\": "./src"
                }
            },
            "notification-url": "https://packagist.org/downloads/",
            "license": [
                "MIT"
            ],
            "authors": [
                {
                    "name": "Hill",
                    "email": "hill@kimo.com"
                }
            ],
            "description": "PMVC official view engine",
            "homepage": "https://github.com/pmvc-plugin/view",
            "keywords": [
                "plug-in",
                "pmvc",
                "view"
            ],
            "time": "2016-03-02 09:54:41"
        },
        {
            "name": "pmvc-plugin/view_react",
            "version": "0.2.9",
            "source": {
                "type": "git",
                "url": "https://github.com/pmvc-plugin/view_react.git",
                "reference": "4102b9fbde4b31ea1c6d74588aa1db839634c9c2"
            },
            "dist": {
                "type": "zip",
                "url": "https://api.github.com/repos/pmvc-plugin/view_react/zipball/4102b9fbde4b31ea1c6d74588aa1db839634c9c2",
                "reference": "4102b9fbde4b31ea1c6d74588aa1db839634c9c2",
                "shasum": ""
            },
            "require": {
                "pmvc-plugin/get": "*",
                "pmvc-plugin/view": "*"
            },
            "type": "library",
            "notification-url": "https://packagist.org/downloads/",
            "license": [
                "MIT"
            ],
            "authors": [
                {
                    "name": "Hill",
                    "email": "hill@kimo.com"
                }
            ],
            "description": "PMVC view engine for react.js",
            "homepage": "https://github.com/pmvc-plugin/view_react",
            "keywords": [
                "plug-in",
                "pmvc",
                "react",
                "template",
                "view"
            ],
            "time": "2016-02-09 05:33:55"
        },
        {
            "name": "pmvc-theme/hello_react",
            "version": "0.1.2",
            "source": {
                "type": "git",
                "url": "https://github.com/pmvc-theme/hello_react.git",
                "reference": "aa6ceae67733c4c656f2a5871810b618806b4c07"
            },
            "dist": {
                "type": "zip",
                "url": "https://api.github.com/repos/pmvc-theme/hello_react/zipball/aa6ceae67733c4c656f2a5871810b618806b4c07",
                "reference": "aa6ceae67733c4c656f2a5871810b618806b4c07",
                "shasum": ""
            },
            "require": {
                "pmvc-plugin/view_react": "*"
            },
            "type": "library",
            "notification-url": "https://packagist.org/downloads/",
            "license": [
                "MIT"
            ],
            "authors": [
                {
                    "name": "Hill",
                    "email": "hill@kimo.com"
                }
            ],
            "description": "Hello World Theme for PMVC Facebook react.js",
            "keywords": [
                "hello",
                "pmvc",
                "react",
                "theme"
            ],
            "time": "2015-07-16 12:01:33"
        },
        {
            "name": "pmvc/pmvc",
            "version": "0.7.38",
            "source": {
                "type": "git",
                "url": "https://github.com/pmvc/pmvc.git",
                "reference": "dea579ace6a426a8dca0a0b63966006b5eb4868b"
            },
            "dist": {
                "type": "zip",
                "url": "https://api.github.com/repos/pmvc/pmvc/zipball/dea579ace6a426a8dca0a0b63966006b5eb4868b",
                "reference": "dea579ace6a426a8dca0a0b63966006b5eb4868b",
                "shasum": ""
            },
            "require": {
                "php": ">=5.5.0"
            },
            "require-dev": {
                "squizlabs/php_codesniffer": "@stable"
            },
            "type": "library",
            "autoload": {
                "psr-4": {
                    "PMVC\\": "src"
                }
            },
            "notification-url": "https://packagist.org/downloads/",
            "license": [
                "MIT"
            ],
            "authors": [
                {
                    "name": "Hill",
                    "email": "hill@kimo.com"
                }
            ],
            "description": "The New PHP5.6 MVC framework, conatain double engine and double framework",
            "keywords": [
                "framework",
                "mvc",
                "phramework",
                "plug",
                "plug-in",
                "pmvc"
            ],
            "time": "2016-04-25 09:16:29"
        }
    ],
    "packages-dev": [],
    "aliases": [],
    "minimum-stability": "stable",
    "stability-flags": [],
    "prefer-stable": false,
    "prefer-lowest": false,
    "platform": [],
    "platform-dev": []
}
