{
    "_readme": [
        "This file locks the dependencies of your project to a known state",
        "Read more about it at https://getcomposer.org/doc/01-basic-usage.md#composer-lock-the-lock-file",
        "This file is @generated automatically"
    ],
    "hash": "0fff3f36c55e595f0a80f606d7b99db2",
    "content-hash": "1aeca9705055fb113bb447d15ba9bae6",
    "packages": [
        {
            "name": "m1/env",
            "version": "2.0.0",
            "source": {
                "type": "git",
                "url": "https://github.com/m1/Env.git",
                "reference": "6013b1475c21d4c7076e1aaad9df5b2fae060cbb"
            },
            "dist": {
                "type": "zip",
                "url": "https://api.github.com/repos/m1/Env/zipball/6013b1475c21d4c7076e1aaad9df5b2fae060cbb",
                "reference": "6013b1475c21d4c7076e1aaad9df5b2fae060cbb",
                "shasum": ""
            },
            "require": {
                "php": ">=5.3.0"
            },
            "require-dev": {
                "phpunit/phpunit": "4.*",
                "scrutinizer/ocular": "~1.1",
                "squizlabs/php_codesniffer": "^2.3"
            },
            "suggest": {
                "josegonzalez/dotenv": "For loading of .env",
                "m1/vars": "For loading of configs"
            },
            "type": "library",
            "autoload": {
                "psr-4": {
                    "M1\\Env\\": "src"
                }
            },
            "notification-url": "https://packagist.org/downloads/",
            "license": [
                "MIT"
            ],
            "authors": [
                {
                    "name": "Miles Croxford",
                    "email": "hello@milescroxford.com",
                    "homepage": "http://milescroxford.com",
                    "role": "Developer"
                }
            ],
            "description": "Env is a lightweight library bringing .env file parser compatibility to PHP. In short - it enables you to read .env files with PHP.",
            "homepage": "https://github.com/m1/Env",
            "keywords": [
                ".env",
                "config",
                "dotenv",
                "env",
                "loader",
                "m1",
                "parser",
                "support"
            ],
            "time": "2016-01-07 13:21:36"
        },
        {
            "name": "mouf/nodejs-installer",
            "version": "v1.0.10",
            "source": {
                "type": "git",
                "url": "https://github.com/thecodingmachine/nodejs-installer.git",
                "reference": "bc598de486bb450e684221a3abcbfd6017dfca35"
            },
            "dist": {
                "type": "zip",
                "url": "https://api.github.com/repos/thecodingmachine/nodejs-installer/zipball/bc598de486bb450e684221a3abcbfd6017dfca35",
                "reference": "bc598de486bb450e684221a3abcbfd6017dfca35",
                "shasum": ""
            },
            "require": {
                "composer-plugin-api": "^1.0.0",
                "ext-openssl": "*",
                "php": ">=5.3.0"
            },
            "require-dev": {
                "composer/composer": "*"
            },
            "type": "composer-plugin",
            "extra": {
                "class": [
                    "Mouf\\NodeJsInstaller\\NodeJsPlugin"
                ],
                "mouf": {
                    "logo": "node-js.png"
                }
            },
            "autoload": {
                "psr-4": {
                    "Mouf\\NodeJsInstaller\\": "src/"
                }
            },
            "notification-url": "https://packagist.org/downloads/",
            "license": [
                "MIT"
            ],
            "authors": [
                {
                    "name": "David Négrier",
                    "email": "d.negrier@thecodingmachine.com",
                    "homepage": "http://mouf-php.com"
                }
            ],
            "description": "An installer package that let's you install NodeJS and NPM as a Composer dependency.",
            "homepage": "http://mouf-php.com/packages/mouf/nodejs-installer",
            "keywords": [
                "installer",
                "nodejs",
                "npm"
            ],
            "time": "2016-01-05 14:00:57"
        },
        {
            "name": "pmvc-app/hello_app",
            "version": "0.5.0",
            "source": {
                "type": "git",
                "url": "https://github.com/pmvc-app/hello_app.git",
                "reference": "0cf12f9dd6f876ab7a52a790aeddc9cf1bd1a36a"
            },
            "dist": {
                "type": "zip",
                "url": "https://api.github.com/repos/pmvc-app/hello_app/zipball/0cf12f9dd6f876ab7a52a790aeddc9cf1bd1a36a",
                "reference": "0cf12f9dd6f876ab7a52a790aeddc9cf1bd1a36a",
                "shasum": ""
            },
            "require": {
                "pmvc/pmvc": "*"
            },
            "type": "library",
            "notification-url": "https://packagist.org/downloads/",
            "license": [
                "MIT"
            ],
            "authors": [
                {
                    "name": "Hill",
                    "email": "hill@kimo.com"
                }
            ],
            "description": "Hello World Plugin, show you how the pmvc work",
            "keywords": [
                "hello",
                "plug-in",
                "pmvc"
            ],
            "time": "2016-01-31 18:13:38"
        },
        {
            "name": "pmvc-plugin/app_action_router",
            "version": "0.7.7",
            "source": {
                "type": "git",
                "url": "https://github.com/pmvc-plugin/app_action_router.git",
                "reference": "37f73afc8f93c66fd994c6ec33d645b9ed6650f2"
            },
            "dist": {
                "type": "zip",
                "url": "https://api.github.com/repos/pmvc-plugin/app_action_router/zipball/37f73afc8f93c66fd994c6ec33d645b9ed6650f2",
                "reference": "37f73afc8f93c66fd994c6ec33d645b9ed6650f2",
                "shasum": ""
            },
            "require": {
                "pmvc-plugin/http": "*",
                "pmvc-plugin/url": "*",
                "pmvc/pmvc": "*"
            },
            "type": "library",
            "notification-url": "https://packagist.org/downloads/",
            "license": [
                "MIT"
            ],
            "authors": [
                {
                    "name": "Hill",
                    "email": "hill@kimo.com"
                }
            ],
            "description": "PMVC App Action Router",
            "keywords": [
                "plug-in",
                "pmvc",
                "router"
            ],
            "time": "2016-05-08 05:52:46"
        },
        {
            "name": "pmvc-plugin/asset",
            "version": "0.1",
            "source": {
                "type": "git",
                "url": "https://github.com/pmvc-plugin/asset.git",
                "reference": "31a98934a03ef69ad610786ef5563fb4afa4525f"
            },
            "dist": {
                "type": "zip",
                "url": "https://api.github.com/repos/pmvc-plugin/asset/zipball/31a98934a03ef69ad610786ef5563fb4afa4525f",
                "reference": "31a98934a03ef69ad610786ef5563fb4afa4525f",
                "shasum": ""
            },
            "require": {
                "pmvc/pmvc": "*"
            },
            "type": "library",
            "notification-url": "https://packagist.org/downloads/",
            "license": [
                "MIT"
            ],
            "authors": [
                {
                    "name": "Hill",
                    "email": "hill@kimo.com"
                }
            ],
            "description": "PMVC asset management",
            "homepage": "https://github.com/pmvc-plugin/asset",
            "keywords": [
                "asset",
                "plug-in",
                "pmvc"
            ],
            "time": "2015-07-04 17:48:51"
        },
        {
            "name": "pmvc-plugin/cli",
            "version": "0.7.12",
            "source": {
                "type": "git",
                "url": "https://github.com/pmvc-plugin/cli.git",
                "reference": "e580f4ea03084c19a6fcdc32cc915295735da5b5"
            },
            "dist": {
                "type": "zip",
                "url": "https://api.github.com/repos/pmvc-plugin/cli/zipball/e580f4ea03084c19a6fcdc32cc915295735da5b5",
                "reference": "e580f4ea03084c19a6fcdc32cc915295735da5b5",
                "shasum": ""
            },
            "require": {
                "pmvc-plugin/controller": "*",
                "wp-cli/php-cli-tools": "*"
            },
            "type": "library",
            "notification-url": "https://packagist.org/downloads/",
            "license": [
                "MIT"
            ],
            "authors": [
                {
                    "name": "Hill",
                    "email": "hill@kimo.com"
                }
            ],
            "description": "PMVC command line router",
            "keywords": [
                "cli",
                "plug-in",
                "pmvc"
            ],
            "time": "2016-05-19 05:26:29"
        },
        {
            "name": "pmvc-plugin/controller",
            "version": "0.1.22",
            "source": {
                "type": "git",
                "url": "https://github.com/pmvc-plugin/controller.git",
                "reference": "c011c023398a283a956a581193b199c051d2187d"
            },
            "dist": {
                "type": "zip",
                "url": "https://api.github.com/repos/pmvc-plugin/controller/zipball/c011c023398a283a956a581193b199c051d2187d",
                "reference": "c011c023398a283a956a581193b199c051d2187d",
                "shasum": ""
            },
            "require": {
                "pmvc/pmvc": "*"
            },
            "require-dev": {
                "squizlabs/php_codesniffer": "@stable"
            },
            "type": "library",
            "notification-url": "https://packagist.org/downloads/",
            "license": [
                "MIT"
            ],
            "authors": [
                {
                    "name": "Hill",
                    "email": "hill@kimo.com"
                }
            ],
            "description": "PMVC Controller",
            "homepage": "https://github.com/pmvc/pmvc",
            "keywords": [
                "controller",
                "plug-in",
                "pmvc"
            ],
            "time": "2016-05-24 13:46:07"
        },
        {
            "name": "pmvc-plugin/debug",
            "version": "0.2.19",
            "source": {
                "type": "git",
                "url": "https://github.com/pmvc-plugin/debug.git",
                "reference": "c08d35cae0ca9b8eb7fde08365f9aa4bb597349d"
            },
            "dist": {
                "type": "zip",
                "url": "https://api.github.com/repos/pmvc-plugin/debug/zipball/c08d35cae0ca9b8eb7fde08365f9aa4bb597349d",
                "reference": "c08d35cae0ca9b8eb7fde08365f9aa4bb597349d",
                "shasum": ""
            },
            "require": {
                "pmvc/pmvc": "*"
            },
            "type": "library",
            "notification-url": "https://packagist.org/downloads/",
            "license": [
                "MIT"
            ],
            "authors": [
                {
                    "name": "Hill",
                    "email": "hill@kimo.com"
                }
            ],
            "description": "pmvc debug dump tool",
            "homepage": "https://github.com/pmvc/pmvc",
            "keywords": [
                "debug",
                "plug-in",
                "pmvc"
            ],
            "time": "2016-05-24 17:36:20"
        },
        {
            "name": "pmvc-plugin/debug_cli",
            "version": "0.1.2",
            "source": {
                "type": "git",
                "url": "https://github.com/pmvc-plugin/debug_cli.git",
                "reference": "b20102da8e7937dbae92ab08ba05f85de4ba13fa"
            },
            "dist": {
                "type": "zip",
                "url": "https://api.github.com/repos/pmvc-plugin/debug_cli/zipball/b20102da8e7937dbae92ab08ba05f85de4ba13fa",
                "reference": "b20102da8e7937dbae92ab08ba05f85de4ba13fa",
                "shasum": ""
            },
            "require": {
                "pmvc-plugin/cli": "*",
                "pmvc-plugin/debug": "*",
                "pmvc/pmvc": "*"
            },
            "type": "library",
            "notification-url": "https://packagist.org/downloads/",
            "license": [
                "MIT"
            ],
            "authors": [
                {
                    "name": "Hill",
                    "email": "hill@kimo.com"
                }
            ],
            "description": "PMVC debug output for command line ",
            "keywords": [
                "cli",
                "debug",
                "plug-in",
                "pmvc"
            ],
            "time": "2016-04-18 08:01:32"
        },
        {
            "name": "pmvc-plugin/debug_console",
            "version": "0.1.3",
            "source": {
                "type": "git",
                "url": "https://github.com/pmvc-plugin/debug_console.git",
                "reference": "4812776f39224a5b5fbfea7276d1b6c7ffe562d5"
            },
            "dist": {
                "type": "zip",
                "url": "https://api.github.com/repos/pmvc-plugin/debug_console/zipball/4812776f39224a5b5fbfea7276d1b6c7ffe562d5",
                "reference": "4812776f39224a5b5fbfea7276d1b6c7ffe562d5",
                "shasum": ""
            },
            "require": {
                "pmvc-plugin/asset": "*",
                "pmvc-plugin/debug": "*"
            },
            "type": "library",
            "notification-url": "https://packagist.org/downloads/",
            "license": [
                "MIT"
            ],
            "authors": [
                {
                    "name": "Hill",
                    "email": "hill@kimo.com"
                }
            ],
            "description": "pmvc debug_console",
            "homepage": "https://github.com/pmvc-plugin/debug_console",
            "keywords": [
                "debug",
                "plug-in",
                "pmvc"
            ],
            "time": "2016-04-04 18:53:28"
        },
        {
            "name": "pmvc-plugin/default_forward",
            "version": "0.1.1",
            "source": {
                "type": "git",
                "url": "https://github.com/pmvc-plugin/default_forward.git",
                "reference": "b6f2bd8b1c018312adb942aa7c26d9fa1fc3e491"
            },
            "dist": {
                "type": "zip",
                "url": "https://api.github.com/repos/pmvc-plugin/default_forward/zipball/b6f2bd8b1c018312adb942aa7c26d9fa1fc3e491",
                "reference": "b6f2bd8b1c018312adb942aa7c26d9fa1fc3e491",
                "shasum": ""
            },
            "require": {
                "pmvc-plugin/controller": "*",
                "pmvc-plugin/url": "*"
            },
            "type": "library",
            "notification-url": "https://packagist.org/downloads/",
            "license": [
                "MIT"
            ],
            "authors": [
                {
                    "name": "Hill",
                    "email": "hill@kimo.com"
                }
            ],
            "description": "PMVC default forward (error, debug etc)",
            "keywords": [
                "plug-in",
                "pmvc"
            ],
            "time": "2016-04-17 09:01:34"
        },
        {
            "name": "pmvc-plugin/dispatcher",
            "version": "0.1.11",
            "source": {
                "type": "git",
                "url": "https://github.com/pmvc-plugin/dispatcher.git",
                "reference": "72cebd95e03d8d4900aac94a6ff425c1add535af"
            },
            "dist": {
                "type": "zip",
                "url": "https://api.github.com/repos/pmvc-plugin/dispatcher/zipball/72cebd95e03d8d4900aac94a6ff425c1add535af",
                "reference": "72cebd95e03d8d4900aac94a6ff425c1add535af",
                "shasum": ""
            },
            "require": {
                "pmvc/pmvc": "*"
            },
            "type": "library",
            "notification-url": "https://packagist.org/downloads/",
            "license": [
                "MIT"
            ],
            "authors": [
                {
                    "name": "Hill",
                    "email": "hill@kimo.com"
                }
            ],
            "description": "PMVC observer plugin, event dispatcher",
            "homepage": "https://github.com/pmvc/pmvc",
            "keywords": [
                "observable",
                "plug-in",
                "pmvc"
            ],
            "time": "2016-05-24 13:32:23"
        },
        {
            "name": "pmvc-plugin/dotenv",
            "version": "0.1.12",
            "source": {
                "type": "git",
                "url": "https://github.com/pmvc-plugin/dotenv.git",
                "reference": "a3ac4dab40955c9a3200f2a58e0e8ef70292b5e1"
            },
            "dist": {
                "type": "zip",
                "url": "https://api.github.com/repos/pmvc-plugin/dotenv/zipball/a3ac4dab40955c9a3200f2a58e0e8ef70292b5e1",
                "reference": "a3ac4dab40955c9a3200f2a58e0e8ef70292b5e1",
                "shasum": ""
            },
            "require": {
                "m1/env": "*",
                "pmvc-plugin/underscore": "*",
                "pmvc/pmvc": "*"
            },
            "type": "library",
            "notification-url": "https://packagist.org/downloads/",
            "license": [
                "MIT"
            ],
            "authors": [
                {
                    "name": "Hill",
                    "email": "hill@kimo.com"
                }
            ],
            "description": "PMVC Plugin For phpdotenv",
            "homepage": "https://github.com/pmvc/pmvc",
            "keywords": [
                "dotenv",
                "plug-in",
                "pmvc"
            ],
            "time": "2016-05-17 05:08:45"
        },
        {
            "name": "pmvc-plugin/error",
            "version": "0.1.5",
            "source": {
                "type": "git",
                "url": "https://github.com/pmvc-plugin/error.git",
                "reference": "79bb8aa99863acae3f2283be66350e5a67ac9ddd"
            },
            "dist": {
                "type": "zip",
                "url": "https://api.github.com/repos/pmvc-plugin/error/zipball/79bb8aa99863acae3f2283be66350e5a67ac9ddd",
                "reference": "79bb8aa99863acae3f2283be66350e5a67ac9ddd",
                "shasum": ""
            },
            "require": {
                "pmvc/pmvc": "*"
            },
            "suggest": {
                "pmvc-plugin/dispatcher": "Allows event dispatch"
            },
            "type": "library",
            "notification-url": "https://packagist.org/downloads/",
            "license": [
                "MIT"
            ],
            "authors": [
                {
                    "name": "Hill",
                    "email": "hill@kimo.com"
                }
            ],
            "description": "PMVC error hnadler",
            "keywords": [
                "error",
                "plug-in",
                "pmvc"
            ],
            "time": "2016-03-22 03:59:02"
        },
        {
            "name": "pmvc-plugin/get",
            "version": "0.1.2",
            "source": {
                "type": "git",
                "url": "https://github.com/pmvc-plugin/get.git",
                "reference": "fbde0b6ee8cf3169a6288f1295e65770f8b424ba"
            },
            "dist": {
                "type": "zip",
                "url": "https://api.github.com/repos/pmvc-plugin/get/zipball/fbde0b6ee8cf3169a6288f1295e65770f8b424ba",
                "reference": "fbde0b6ee8cf3169a6288f1295e65770f8b424ba",
                "shasum": ""
            },
            "require": {
                "pmvc/pmvc": "*"
            },
            "type": "library",
            "notification-url": "https://packagist.org/downloads/",
            "license": [
                "MIT"
            ],
            "authors": [
                {
                    "name": "Hill",
                    "email": "hill@kimo.com"
                }
            ],
            "description": "smart get function, help you get configure from different storage simply. ",
            "keywords": [
                "get",
                "plug-in",
                "pmvc"
            ],
            "time": "2015-07-29 16:37:56"
        },
        {
            "name": "pmvc-plugin/http",
            "version": "0.7.5",
            "source": {
                "type": "git",
                "url": "https://github.com/pmvc-plugin/http.git",
                "reference": "2a5deba5e8bac7d42997451109bac36974b8e821"
            },
            "dist": {
                "type": "zip",
                "url": "https://api.github.com/repos/pmvc-plugin/http/zipball/2a5deba5e8bac7d42997451109bac36974b8e821",
                "reference": "2a5deba5e8bac7d42997451109bac36974b8e821",
                "shasum": ""
            },
            "require": {
                "pmvc-plugin/controller": "*"
            },
            "type": "library",
            "notification-url": "https://packagist.org/downloads/",
            "license": [
                "MIT"
            ],
            "authors": [
                {
                    "name": "Hill",
                    "email": "hill@kimo.com"
                }
            ],
            "description": "PMVC Http Support",
            "keywords": [
                "http",
                "plug-in",
                "pmvc"
            ],
            "time": "2016-04-16 15:10:58"
        },
        {
            "name": "pmvc-plugin/underscore",
            "version": "0.1.1",
            "source": {
                "type": "git",
                "url": "https://github.com/pmvc-plugin/underscore.git",
                "reference": "27e2e3f70fe990e8a45fe0e180ae4b0864fca11a"
            },
            "dist": {
                "type": "zip",
                "url": "https://api.github.com/repos/pmvc-plugin/underscore/zipball/27e2e3f70fe990e8a45fe0e180ae4b0864fca11a",
                "reference": "27e2e3f70fe990e8a45fe0e180ae4b0864fca11a",
                "shasum": ""
            },
            "require": {
                "pmvc/pmvc": "*"
            },
            "type": "library",
            "notification-url": "https://packagist.org/downloads/",
            "license": [
                "MIT"
            ],
            "authors": [
                {
                    "name": "Hill",
                    "email": "hill@kimo.com"
                }
            ],
            "description": "Convert array or camel case to underscore, or underscore to others.",
            "keywords": [
                "array",
                "camelcase",
                "plug-in",
                "pmvc",
                "underscore"
            ],
            "time": "2016-04-27 06:21:14"
        },
        {
            "name": "pmvc-plugin/url",
            "version": "0.1.12",
            "source": {
                "type": "git",
                "url": "https://github.com/pmvc-plugin/url.git",
                "reference": "2d5d3d5808291b18ca2bad0ea1910d89d98155b0"
            },
            "dist": {
                "type": "zip",
                "url": "https://api.github.com/repos/pmvc-plugin/url/zipball/2d5d3d5808291b18ca2bad0ea1910d89d98155b0",
                "reference": "2d5d3d5808291b18ca2bad0ea1910d89d98155b0",
                "shasum": ""
            },
            "require": {
                "pmvc/pmvc": "*"
            },
            "type": "library",
            "notification-url": "https://packagist.org/downloads/",
            "license": [
                "MIT"
            ],
            "authors": [
                {
                    "name": "Hill",
                    "email": "hill@kimo.com"
                }
            ],
            "description": "PMVC url utility",
            "homepage": "https://github.com/pmvc-plugin/url",
            "keywords": [
                "plug-in",
                "pmvc",
                "url"
            ],
            "time": "2016-05-24 08:34:08"
        },
        {
            "name": "pmvc-plugin/view",
            "version": "0.2.12",
            "source": {
                "type": "git",
                "url": "https://github.com/pmvc-plugin/view.git",
                "reference": "2c37cde8f5f702a55f8a92f5b365ec89f7765887"
            },
            "dist": {
                "type": "zip",
                "url": "https://api.github.com/repos/pmvc-plugin/view/zipball/2c37cde8f5f702a55f8a92f5b365ec89f7765887",
                "reference": "2c37cde8f5f702a55f8a92f5b365ec89f7765887",
                "shasum": ""
            },
            "require": {
                "pmvc/pmvc": "*"
            },
            "type": "library",
            "autoload": {
                "psr-4": {
                    "PMVC\\PlugIn\\view\\": "./src"
                }
            },
            "notification-url": "https://packagist.org/downloads/",
            "license": [
                "MIT"
            ],
            "authors": [
                {
                    "name": "Hill",
                    "email": "hill@kimo.com"
                }
            ],
            "description": "PMVC official view engine",
            "homepage": "https://github.com/pmvc-plugin/view",
            "keywords": [
                "plug-in",
                "pmvc",
                "view"
            ],
            "time": "2016-06-02 17:58:32"
        },
        {
            "name": "pmvc-plugin/view_cli",
            "version": "0.1.4",
            "source": {
                "type": "git",
                "url": "https://github.com/pmvc-plugin/view_cli.git",
                "reference": "fe24d2596ebe2362b5a8717ac6f7de3f461975ff"
            },
            "dist": {
                "type": "zip",
                "url": "https://api.github.com/repos/pmvc-plugin/view_cli/zipball/fe24d2596ebe2362b5a8717ac6f7de3f461975ff",
                "reference": "fe24d2596ebe2362b5a8717ac6f7de3f461975ff",
                "shasum": ""
            },
            "require": {
                "pmvc-plugin/cli": "*",
                "pmvc-plugin/view": "*",
                "pmvc/pmvc": "*"
            },
            "type": "library",
            "notification-url": "https://packagist.org/downloads/",
            "license": [
                "MIT"
            ],
            "authors": [
                {
                    "name": "Hill",
                    "email": "hill@kimo.com"
                }
            ],
            "description": "Command line View engine",
            "keywords": [
                "cli",
                "plug-in",
                "pmvc"
            ],
            "time": "2016-05-05 14:47:11"
        },
        {
            "name": "pmvc-plugin/view_react",
            "version": "0.2.12",
            "source": {
                "type": "git",
                "url": "https://github.com/pmvc-plugin/view_react.git",
                "reference": "0581f22c3422d028b4132eb19dfad566fca3a8a0"
            },
            "dist": {
                "type": "zip",
                "url": "https://api.github.com/repos/pmvc-plugin/view_react/zipball/0581f22c3422d028b4132eb19dfad566fca3a8a0",
                "reference": "0581f22c3422d028b4132eb19dfad566fca3a8a0",
                "shasum": ""
            },
            "require": {
                "pmvc-plugin/get": "*",
                "pmvc-plugin/view": "*"
            },
            "type": "library",
            "notification-url": "https://packagist.org/downloads/",
            "license": [
                "MIT"
            ],
            "authors": [
                {
                    "name": "Hill",
                    "email": "hill@kimo.com"
                }
            ],
            "description": "PMVC view engine for react.js",
            "homepage": "https://github.com/pmvc-plugin/view_react",
            "keywords": [
                "plug-in",
                "pmvc",
                "react",
                "template",
                "view"
            ],
            "time": "2016-06-02 18:02:13"
        },
        {
            "name": "pmvc-theme/hello_react",
            "version": "0.1.3",
            "source": {
                "type": "git",
                "url": "https://github.com/pmvc-theme/hello_react.git",
                "reference": "72bfc5e35d5cd355ee112749b416997a92936f9b"
            },
            "dist": {
                "type": "zip",
                "url": "https://api.github.com/repos/pmvc-theme/hello_react/zipball/72bfc5e35d5cd355ee112749b416997a92936f9b",
                "reference": "72bfc5e35d5cd355ee112749b416997a92936f9b",
                "shasum": ""
            },
            "require": {
                "pmvc-plugin/view_react": "*"
            },
            "type": "library",
            "notification-url": "https://packagist.org/downloads/",
            "license": [
                "MIT"
            ],
            "authors": [
                {
                    "name": "Hill",
                    "email": "hill@kimo.com"
                }
            ],
            "description": "Hello World Theme for PMVC Facebook react.js",
            "keywords": [
                "hello",
                "pmvc",
                "react",
                "theme"
            ],
            "time": "2016-06-02 08:47:11"
        },
        {
            "name": "pmvc/pmvc",
            "version": "0.7.63",
            "source": {
                "type": "git",
                "url": "https://github.com/pmvc/pmvc.git",
                "reference": "ad92195429c378678e3028db6a435b7066cab298"
            },
            "dist": {
                "type": "zip",
                "url": "https://api.github.com/repos/pmvc/pmvc/zipball/ad92195429c378678e3028db6a435b7066cab298",
                "reference": "ad92195429c378678e3028db6a435b7066cab298",
                "shasum": ""
            },
            "require": {
                "php": ">=5.5.0"
            },
            "require-dev": {
                "squizlabs/php_codesniffer": "@stable"
            },
            "type": "library",
            "autoload": {
                "psr-4": {
                    "PMVC\\": "src"
                }
            },
            "notification-url": "https://packagist.org/downloads/",
            "license": [
                "MIT"
            ],
            "authors": [
                {
                    "name": "Hill",
                    "email": "hill@kimo.com"
                }
            ],
            "description": "Pure plugin framework (PMVC7), use anything you like. No mvc, http inside.",
            "keywords": [
                "framework",
                "mvc",
                "phramework",
                "plug",
                "plug-in",
                "pmvc"
            ],
            "time": "2016-06-02 16:47:01"
        },
        {
            "name": "wp-cli/php-cli-tools",
            "version": "v0.11.1",
            "source": {
                "type": "git",
                "url": "https://github.com/wp-cli/php-cli-tools.git",
                "reference": "5311a4b99103c0505db015a334be4952654d6e21"
            },
            "dist": {
                "type": "zip",
                "url": "https://api.github.com/repos/wp-cli/php-cli-tools/zipball/5311a4b99103c0505db015a334be4952654d6e21",
                "reference": "5311a4b99103c0505db015a334be4952654d6e21",
                "shasum": ""
            },
            "require": {
                "php": ">= 5.3.0"
            },
            "type": "library",
            "autoload": {
                "psr-0": {
                    "cli": "lib/"
                },
                "files": [
                    "lib/cli/cli.php"
                ]
            },
            "notification-url": "https://packagist.org/downloads/",
            "license": [
                "MIT"
            ],
            "authors": [
                {
                    "name": "James Logsdon",
                    "email": "jlogsdon@php.net",
                    "role": "Developer"
                },
                {
                    "name": "Daniel Bachhuber",
                    "email": "daniel@handbuilt.co",
                    "role": "Maintainer"
                }
            ],
            "description": "Console utilities for PHP",
            "homepage": "http://github.com/wp-cli/php-cli-tools",
            "keywords": [
                "cli",
                "console"
            ],
            "time": "2016-02-08 14:34:01"
        }
    ],
    "packages-dev": [],
    "aliases": [],
    "minimum-stability": "stable",
    "stability-flags": [],
    "prefer-stable": false,
    "prefer-lowest": false,
    "platform": [],
    "platform-dev": []
}
